
Microsoft Visual Studio Solution File, Format Version 12.00
# Visual Studio Version 17
VisualStudioVersion = 17.7.34202.233
MinimumVisualStudioVersion = 10.0.40219.1
Project("{9A19103F-16F7-4668-BE54-9A1E7A4F7556}") = "TDT.API", "TDT.API\TDT.API.csproj", "{B577D85E-115A-4343-BCF7-B5DDFA9F5939}"
EndProject
Project("{9A19103F-16F7-4668-BE54-9A1E7A4F7556}") = "TDT.Core", "TDT.Core\TDT.Core.csproj", "{8D1FA324-F0C3-457F-8090-C12769519EF1}"
EndProject
Project("{9A19103F-16F7-4668-BE54-9A1E7A4F7556}") = "TDT.IdentityCore", "TDT.IdentityCore\TDT.IdentityCore.csproj", "{BF4F5B5D-240B-4A5F-A3E0-93BA0EEAE294}"
EndProject
Project("{9A19103F-16F7-4668-BE54-9A1E7A4F7556}") = "TDT.CAdmin", "TDT.CAdmin\TDT.CAdmin.csproj", "{B70A46B3-A7D8-46F4-A1F7-6CB30F734626}"
EndProject
Project("{9A19103F-16F7-4668-BE54-9A1E7A4F7556}") = "TDT.Site", "TDT.Site\TDT.Site.csproj", "{81C6262D-2899-4880-A61C-E279FA40C9B7}"
EndProject
Global
	GlobalSection(SolutionConfigurationPlatforms) = preSolution
		Debug|Any CPU = Debug|Any CPU
		Release|Any CPU = Release|Any CPU
	EndGlobalSection
	GlobalSection(ProjectConfigurationPlatforms) = postSolution
		{B577D85E-115A-4343-BCF7-B5DDFA9F5939}.Debug|Any CPU.ActiveCfg = Debug|Any CPU
		{B577D85E-115A-4343-BCF7-B5DDFA9F5939}.Debug|Any CPU.Build.0 = Debug|Any CPU
		{B577D85E-115A-4343-BCF7-B5DDFA9F5939}.Release|Any CPU.ActiveCfg = Release|Any CPU
		{B577D85E-115A-4343-BCF7-B5DDFA9F5939}.Release|Any CPU.Build.0 = Release|Any CPU
		{8D1FA324-F0C3-457F-8090-C12769519EF1}.Debug|Any CPU.ActiveCfg = Debug|Any CPU
		{8D1FA324-F0C3-457F-8090-C12769519EF1}.Debug|Any CPU.Build.0 = Debug|Any CPU
		{8D1FA324-F0C3-457F-8090-C12769519EF1}.Release|Any CPU.ActiveCfg = Release|Any CPU
		{8D1FA324-F0C3-457F-8090-C12769519EF1}.Release|Any CPU.Build.0 = Release|Any CPU
		{BF4F5B5D-240B-4A5F-A3E0-93BA0EEAE294}.Debug|Any CPU.ActiveCfg = Debug|Any CPU
		{BF4F5B5D-240B-4A5F-A3E0-93BA0EEAE294}.Debug|Any CPU.Build.0 = Debug|Any CPU
		{BF4F5B5D-240B-4A5F-A3E0-93BA0EEAE294}.Release|Any CPU.ActiveCfg = Release|Any CPU
		{BF4F5B5D-240B-4A5F-A3E0-93BA0EEAE294}.Release|Any CPU.Build.0 = Release|Any CPU
		{B70A46B3-A7D8-46F4-A1F7-6CB30F734626}.Debug|Any CPU.ActiveCfg = Debug|Any CPU
		{B70A46B3-A7D8-46F4-A1F7-6CB30F734626}.Debug|Any CPU.Build.0 = Debug|Any CPU
		{B70A46B3-A7D8-46F4-A1F7-6CB30F734626}.Release|Any CPU.ActiveCfg = Release|Any CPU
		{B70A46B3-A7D8-46F4-A1F7-6CB30F734626}.Release|Any CPU.Build.0 = Release|Any CPU
		{81C6262D-2899-4880-A61C-E279FA40C9B7}.Debug|Any CPU.ActiveCfg = Debug|Any CPU
		{81C6262D-2899-4880-A61C-E279FA40C9B7}.Debug|Any CPU.Build.0 = Debug|Any CPU
		{81C6262D-2899-4880-A61C-E279FA40C9B7}.Release|Any CPU.ActiveCfg = Release|Any CPU
		{81C6262D-2899-4880-A61C-E279FA40C9B7}.Release|Any CPU.Build.0 = Release|Any CPU
	EndGlobalSection
	GlobalSection(SolutionProperties) = preSolution
		HideSolutionNode = FALSE
	EndGlobalSection
	GlobalSection(ExtensibilityGlobals) = postSolution
		SolutionGuid = {5FB072A4-B30B-4F5E-A386-05C814EF9B59}
	EndGlobalSection
EndGlobal
