
Microsoft Visual Studio Solution File, Format Version 12.00
# Visual Studio Version 17
VisualStudioVersion = 17.7.34031.279
MinimumVisualStudioVersion = 10.0.40219.1
Project("{9A19103F-16F7-4668-BE54-9A1E7A4F7556}") = "TDT.Cadmin.Desktop", "TDT.Cadmin.Desktop\TDT.Cadmin.Desktop.csproj", "{5237E9FE-EFE9-461F-BF74-9FC6D7DDC236}"
EndProject
Project("{9A19103F-16F7-4668-BE54-9A1E7A4F7556}") = "TDT.Core", "TDT.Core\TDT.Core.csproj", "{C34FD17B-BCC8-4424-BD62-7F3271483CF5}"
EndProject
Project("{FAE04EC0-301F-11D3-BF4B-00C04F79EFBC}") = "TDT.QLND", "TDT.QLND\TDT.QLND.csproj", "{D17FD9B9-E116-40FA-A8FB-D3631B0685E2}"
EndProject
Global
	GlobalSection(SolutionConfigurationPlatforms) = preSolution
		Debug|Any CPU = Debug|Any CPU
		Release|Any CPU = Release|Any CPU
	EndGlobalSection
	GlobalSection(ProjectConfigurationPlatforms) = postSolution
		{5237E9FE-EFE9-461F-BF74-9FC6D7DDC236}.Debug|Any CPU.ActiveCfg = Debug|Any CPU
		{5237E9FE-EFE9-461F-BF74-9FC6D7DDC236}.Debug|Any CPU.Build.0 = Debug|Any CPU
		{5237E9FE-EFE9-461F-BF74-9FC6D7DDC236}.Release|Any CPU.ActiveCfg = Release|Any CPU
		{5237E9FE-EFE9-461F-BF74-9FC6D7DDC236}.Release|Any CPU.Build.0 = Release|Any CPU
		{C34FD17B-BCC8-4424-BD62-7F3271483CF5}.Debug|Any CPU.ActiveCfg = Debug|Any CPU
		{C34FD17B-BCC8-4424-BD62-7F3271483CF5}.Debug|Any CPU.Build.0 = Debug|Any CPU
		{C34FD17B-BCC8-4424-BD62-7F3271483CF5}.Release|Any CPU.ActiveCfg = Release|Any CPU
		{C34FD17B-BCC8-4424-BD62-7F3271483CF5}.Release|Any CPU.Build.0 = Release|Any CPU
		{D17FD9B9-E116-40FA-A8FB-D3631B0685E2}.Debug|Any CPU.ActiveCfg = Debug|Any CPU
		{D17FD9B9-E116-40FA-A8FB-D3631B0685E2}.Debug|Any CPU.Build.0 = Debug|Any CPU
		{D17FD9B9-E116-40FA-A8FB-D3631B0685E2}.Release|Any CPU.ActiveCfg = Release|Any CPU
		{D17FD9B9-E116-40FA-A8FB-D3631B0685E2}.Release|Any CPU.Build.0 = Release|Any CPU
	EndGlobalSection
	GlobalSection(SolutionProperties) = preSolution
		HideSolutionNode = FALSE
	EndGlobalSection
	GlobalSection(ExtensibilityGlobals) = postSolution
		SolutionGuid = {206654E8-A7FD-4424-A084-C0F52E7D87DD}
	EndGlobalSection
EndGlobal
