
Microsoft Visual Studio Solution File, Format Version 12.00
# Visual Studio Version 17
VisualStudioVersion = 17.6.33815.320
MinimumVisualStudioVersion = 10.0.40219.1
Project("{9A19103F-16F7-4668-BE54-9A1E7A4F7556}") = "TDT.Site", "TDT.Site\TDT.Site.csproj", "{49AAC771-F176-4A2C-AAF7-36312EF8B3BB}"
EndProject
Project("{9A19103F-16F7-4668-BE54-9A1E7A4F7556}") = "TDT.Core", "TDT.Core\TDT.Core.csproj", "{707850DC-10A3-43DE-9B8A-3791E147902F}"
EndProject
Project("{9A19103F-16F7-4668-BE54-9A1E7A4F7556}") = "TDT.IdentityCore", "TDT.IdentityCore\TDT.IdentityCore.csproj", "{81FCA5BF-DF5F-4036-9996-936237CB43D3}"
EndProject
Global
	GlobalSection(SolutionConfigurationPlatforms) = preSolution
		Debug|Any CPU = Debug|Any CPU
		Release|Any CPU = Release|Any CPU
	EndGlobalSection
	GlobalSection(ProjectConfigurationPlatforms) = postSolution
		{49AAC771-F176-4A2C-AAF7-36312EF8B3BB}.Debug|Any CPU.ActiveCfg = Debug|Any CPU
		{49AAC771-F176-4A2C-AAF7-36312EF8B3BB}.Debug|Any CPU.Build.0 = Debug|Any CPU
		{49AAC771-F176-4A2C-AAF7-36312EF8B3BB}.Release|Any CPU.ActiveCfg = Release|Any CPU
		{49AAC771-F176-4A2C-AAF7-36312EF8B3BB}.Release|Any CPU.Build.0 = Release|Any CPU
		{707850DC-10A3-43DE-9B8A-3791E147902F}.Debug|Any CPU.ActiveCfg = Debug|Any CPU
		{707850DC-10A3-43DE-9B8A-3791E147902F}.Debug|Any CPU.Build.0 = Debug|Any CPU
		{707850DC-10A3-43DE-9B8A-3791E147902F}.Release|Any CPU.ActiveCfg = Release|Any CPU
		{707850DC-10A3-43DE-9B8A-3791E147902F}.Release|Any CPU.Build.0 = Release|Any CPU
		{81FCA5BF-DF5F-4036-9996-936237CB43D3}.Debug|Any CPU.ActiveCfg = Debug|Any CPU
		{81FCA5BF-DF5F-4036-9996-936237CB43D3}.Debug|Any CPU.Build.0 = Debug|Any CPU
		{81FCA5BF-DF5F-4036-9996-936237CB43D3}.Release|Any CPU.ActiveCfg = Release|Any CPU
		{81FCA5BF-DF5F-4036-9996-936237CB43D3}.Release|Any CPU.Build.0 = Release|Any CPU
	EndGlobalSection
	GlobalSection(SolutionProperties) = preSolution
		HideSolutionNode = FALSE
	EndGlobalSection
	GlobalSection(ExtensibilityGlobals) = postSolution
		SolutionGuid = {66A374ED-A5BF-4789-ACBB-30E02158E1F1}
	EndGlobalSection
EndGlobal
