
Microsoft Visual Studio Solution File, Format Version 12.00
# Visual Studio Version 17
VisualStudioVersion = 17.7.34031.279
MinimumVisualStudioVersion = 10.0.40219.1
Project("{9A19103F-16F7-4668-BE54-9A1E7A4F7556}") = "TDT.Core", "TDT.Core\TDT.Core.csproj", "{C34FD17B-BCC8-4424-BD62-7F3271483CF5}"
EndProject
Project("{FAE04EC0-301F-11D3-BF4B-00C04F79EFBC}") = "TDT.Admin.Desktop", "TDT.Admin.Desktop\TDT.Admin.Desktop.csproj", "{EBFF16ED-23EC-47BC-BC18-2FE47A5DD31C}"
EndProject
Project("{FAE04EC0-301F-11D3-BF4B-00C04F79EFBC}") = "TDT.QLDV", "TDT.QLDV\TDT.QLDV.csproj", "{8F9FED75-D065-4D08-99D7-495FD0B743CC}"
EndProject
Global
	GlobalSection(SolutionConfigurationPlatforms) = preSolution
		Debug|Any CPU = Debug|Any CPU
		Release|Any CPU = Release|Any CPU
	EndGlobalSection
	GlobalSection(ProjectConfigurationPlatforms) = postSolution
		{C34FD17B-BCC8-4424-BD62-7F3271483CF5}.Debug|Any CPU.ActiveCfg = Debug|Any CPU
		{C34FD17B-BCC8-4424-BD62-7F3271483CF5}.Debug|Any CPU.Build.0 = Debug|Any CPU
		{C34FD17B-BCC8-4424-BD62-7F3271483CF5}.Release|Any CPU.ActiveCfg = Release|Any CPU
		{C34FD17B-BCC8-4424-BD62-7F3271483CF5}.Release|Any CPU.Build.0 = Release|Any CPU
		{EBFF16ED-23EC-47BC-BC18-2FE47A5DD31C}.Debug|Any CPU.ActiveCfg = Debug|Any CPU
		{EBFF16ED-23EC-47BC-BC18-2FE47A5DD31C}.Debug|Any CPU.Build.0 = Debug|Any CPU
		{EBFF16ED-23EC-47BC-BC18-2FE47A5DD31C}.Release|Any CPU.ActiveCfg = Release|Any CPU
		{EBFF16ED-23EC-47BC-BC18-2FE47A5DD31C}.Release|Any CPU.Build.0 = Release|Any CPU
		{8F9FED75-D065-4D08-99D7-495FD0B743CC}.Debug|Any CPU.ActiveCfg = Debug|Any CPU
		{8F9FED75-D065-4D08-99D7-495FD0B743CC}.Debug|Any CPU.Build.0 = Debug|Any CPU
		{8F9FED75-D065-4D08-99D7-495FD0B743CC}.Release|Any CPU.ActiveCfg = Release|Any CPU
		{8F9FED75-D065-4D08-99D7-495FD0B743CC}.Release|Any CPU.Build.0 = Release|Any CPU
	EndGlobalSection
	GlobalSection(SolutionProperties) = preSolution
		HideSolutionNode = FALSE
	EndGlobalSection
	GlobalSection(ExtensibilityGlobals) = postSolution
		SolutionGuid = {206654E8-A7FD-4424-A084-C0F52E7D87DD}
	EndGlobalSection
EndGlobal
